
Microsoft Visual Studio Solution File, Format Version 12.00
# Visual Studio 14
VisualStudioVersion = 14.0.25420.1
MinimumVisualStudioVersion = 10.0.40219.1
Project("{FAE04EC0-301F-11D3-BF4B-00C04F79EFBC}") = "WebChatApp", "WebChatApp\WebChatApp.csproj", "{7684601E-E756-445F-BE56-94A3606E6078}"
EndProject
Project("{FAE04EC0-301F-11D3-BF4B-00C04F79EFBC}") = "ChatApp", "ChatApp\ChatApp.csproj", "{66EE99D4-25B2-4C93-8A60-6CC2E7344B57}"
EndProject
Project("{FAE04EC0-301F-11D3-BF4B-00C04F79EFBC}") = "ChatAppCP", "ChatAppCP\ChatAppCP.csproj", "{ABA42928-34FE-42C1-B497-A80439200F69}"
EndProject
Project("{FAE04EC0-301F-11D3-BF4B-00C04F79EFBC}") = "signal-protocol-pcl", "..\..\..\..\Downloads\libsignal-protocol-pcl-master\signal-protocol-pcl\signal-protocol-pcl.csproj", "{28969CF5-0CEC-4B94-B5CC-BDF648A66E70}"
EndProject
Project("{A0786B88-2ADB-4C21-ABE8-AA2D79766269}") = "chatappapi", "chatappapi\chatappapi.phpproj", "{F96926EC-DB63-4396-B611-2E1A138AA9BC}"
EndProject
Global
	GlobalSection(SolutionConfigurationPlatforms) = preSolution
		Debug|Any CPU = Debug|Any CPU
		Release|Any CPU = Release|Any CPU
	EndGlobalSection
	GlobalSection(ProjectConfigurationPlatforms) = postSolution
		{7684601E-E756-445F-BE56-94A3606E6078}.Debug|Any CPU.ActiveCfg = Debug|Any CPU
		{7684601E-E756-445F-BE56-94A3606E6078}.Debug|Any CPU.Build.0 = Debug|Any CPU
		{7684601E-E756-445F-BE56-94A3606E6078}.Release|Any CPU.ActiveCfg = Release|Any CPU
		{7684601E-E756-445F-BE56-94A3606E6078}.Release|Any CPU.Build.0 = Release|Any CPU
		{66EE99D4-25B2-4C93-8A60-6CC2E7344B57}.Debug|Any CPU.ActiveCfg = Debug|Any CPU
		{66EE99D4-25B2-4C93-8A60-6CC2E7344B57}.Debug|Any CPU.Build.0 = Debug|Any CPU
		{66EE99D4-25B2-4C93-8A60-6CC2E7344B57}.Debug|Any CPU.Deploy.0 = Debug|Any CPU
		{66EE99D4-25B2-4C93-8A60-6CC2E7344B57}.Release|Any CPU.ActiveCfg = Release|Any CPU
		{66EE99D4-25B2-4C93-8A60-6CC2E7344B57}.Release|Any CPU.Build.0 = Release|Any CPU
		{66EE99D4-25B2-4C93-8A60-6CC2E7344B57}.Release|Any CPU.Deploy.0 = Release|Any CPU
		{ABA42928-34FE-42C1-B497-A80439200F69}.Debug|Any CPU.ActiveCfg = Debug|Any CPU
		{ABA42928-34FE-42C1-B497-A80439200F69}.Debug|Any CPU.Build.0 = Debug|Any CPU
		{ABA42928-34FE-42C1-B497-A80439200F69}.Debug|Any CPU.Deploy.0 = Debug|Any CPU
		{ABA42928-34FE-42C1-B497-A80439200F69}.Release|Any CPU.ActiveCfg = Release|Any CPU
		{ABA42928-34FE-42C1-B497-A80439200F69}.Release|Any CPU.Build.0 = Release|Any CPU
		{ABA42928-34FE-42C1-B497-A80439200F69}.Release|Any CPU.Deploy.0 = Release|Any CPU
		{28969CF5-0CEC-4B94-B5CC-BDF648A66E70}.Debug|Any CPU.ActiveCfg = Debug|Any CPU
		{28969CF5-0CEC-4B94-B5CC-BDF648A66E70}.Debug|Any CPU.Build.0 = Debug|Any CPU
		{28969CF5-0CEC-4B94-B5CC-BDF648A66E70}.Release|Any CPU.ActiveCfg = Release|Any CPU
		{28969CF5-0CEC-4B94-B5CC-BDF648A66E70}.Release|Any CPU.Build.0 = Release|Any CPU
		{F96926EC-DB63-4396-B611-2E1A138AA9BC}.Debug|Any CPU.ActiveCfg = Debug|Any CPU
		{F96926EC-DB63-4396-B611-2E1A138AA9BC}.Release|Any CPU.ActiveCfg = Release|Any CPU
	EndGlobalSection
	GlobalSection(SolutionProperties) = preSolution
		HideSolutionNode = FALSE
	EndGlobalSection
EndGlobal
